
Microsoft Visual Studio Solution File, Format Version 12.00
# Visual Studio 2013
VisualStudioVersion = 12.0.40629.0
MinimumVisualStudioVersion = 10.0.40219.1
Project("{FAE04EC0-301F-11D3-BF4B-00C04F79EFBC}") = "Aurora", "Aurora\Aurora.csproj", "{F2B7F904-8C55-42C1-9160-BDBDF7D8A395}"
EndProject
Project("{FAE04EC0-301F-11D3-BF4B-00C04F79EFBC}") = "Aurora.Base", "Aurora.Base\Aurora.Base.csproj", "{C01E29C3-7354-4B81-AE49-B299326A6A89}"
EndProject
Global
	GlobalSection(SolutionConfigurationPlatforms) = preSolution
		Debug|Any CPU = Debug|Any CPU
		Release|Any CPU = Release|Any CPU
	EndGlobalSection
	GlobalSection(ProjectConfigurationPlatforms) = postSolution
		{F2B7F904-8C55-42C1-9160-BDBDF7D8A395}.Debug|Any CPU.ActiveCfg = Debug|Any CPU
		{F2B7F904-8C55-42C1-9160-BDBDF7D8A395}.Debug|Any CPU.Build.0 = Debug|Any CPU
		{F2B7F904-8C55-42C1-9160-BDBDF7D8A395}.Release|Any CPU.ActiveCfg = Release|Any CPU
		{F2B7F904-8C55-42C1-9160-BDBDF7D8A395}.Release|Any CPU.Build.0 = Release|Any CPU
		{C01E29C3-7354-4B81-AE49-B299326A6A89}.Debug|Any CPU.ActiveCfg = Debug|Any CPU
		{C01E29C3-7354-4B81-AE49-B299326A6A89}.Debug|Any CPU.Build.0 = Debug|Any CPU
		{C01E29C3-7354-4B81-AE49-B299326A6A89}.Release|Any CPU.ActiveCfg = Release|Any CPU
		{C01E29C3-7354-4B81-AE49-B299326A6A89}.Release|Any CPU.Build.0 = Release|Any CPU
	EndGlobalSection
	GlobalSection(SolutionProperties) = preSolution
		HideSolutionNode = FALSE
	EndGlobalSection
EndGlobal
